// !$*UTF8*$!
{
	archiveVersion = 1;
	classes = {
	};
	objectVersion = 46;
	objects = {

/* Begin PBXBuildFile section */
		B09F9D9E1EF11B1200B26DDC /* AppDelegate.swift in Sources */ = {isa = PBXBuildFile; fileRef = B09F9D9D1EF11B1200B26DDC /* AppDelegate.swift */; };
		B09F9DA01EF11B1200B26DDC /* ViewController.swift in Sources */ = {isa = PBXBuildFile; fileRef = B09F9D9F1EF11B1200B26DDC /* ViewController.swift */; };
		B09F9DA31EF11B1200B26DDC /* Main.storyboard in Resources */ = {isa = PBXBuildFile; fileRef = B09F9DA11EF11B1200B26DDC /* Main.storyboard */; };
		B09F9DA61EF11B1200B26DDC /* testCollectionView.xcdatamodeld in Sources */ = {isa = PBXBuildFile; fileRef = B09F9DA41EF11B1200B26DDC /* testCollectionView.xcdatamodeld */; };
		B09F9DA81EF11B1200B26DDC /* Assets.xcassets in Resources */ = {isa = PBXBuildFile; fileRef = B09F9DA71EF11B1200B26DDC /* Assets.xcassets */; };
		B09F9DAB1EF11B1200B26DDC /* LaunchScreen.storyboard in Resources */ = {isa = PBXBuildFile; fileRef = B09F9DA91EF11B1200B26DDC /* LaunchScreen.storyboard */; };
/* End PBXBuildFile section */

/* Begin PBXFileReference section */
		B09F9D9A1EF11B1200B26DDC /* testCollectionView.app */ = {isa = PBXFileReference; explicitFileType = wrapper.application; includeInIndex = 0; path = testCollectionView.app; sourceTree = BUILT_PRODUCTS_DIR; };
		B09F9D9D1EF11B1200B26DDC /* AppDelegate.swift */ = {isa = PBXFileReference; lastKnownFileType = sourcecode.swift; path = AppDelegate.swift; sourceTree = "<group>"; };
		B09F9D9F1EF11B1200B26DDC /* ViewController.swift */ = {isa = PBXFileReference; lastKnownFileType = sourcecode.swift; path = ViewController.swift; sourceTree = "<group>"; };
		B09F9DA21EF11B1200B26DDC /* Base */ = {isa = PBXFileReference; lastKnownFileType = file.storyboard; name = Base; path = Base.lproj/Main.storyboard; sourceTree = "<group>"; };
		B09F9DA51EF11B1200B26DDC /* testCollectionView.xcdatamodel */ = {isa = PBXFileReference; lastKnownFileType = wrapper.xcdatamodel; path = testCollectionView.xcdatamodel; sourceTree = "<group>"; };
		B09F9DA71EF11B1200B26DDC /* Assets.xcassets */ = {isa = PBXFileReference; lastKnownFileType = folder.assetcatalog; path = Assets.xcassets; sourceTree = "<group>"; };
		B09F9DAA1EF11B1200B26DDC /* Base */ = {isa = PBXFileReference; lastKnownFileType = file.storyboard; name = Base; path = Base.lproj/LaunchScreen.storyboard; sourceTree = "<group>"; };
		B09F9DAC1EF11B1200B26DDC /* Info.plist */ = {isa = PBXFileReference; lastKnownFileType = text.plist.xml; path = Info.plist; sourceTree = "<group>"; };
/* End PBXFileReference section */

/* Begin PBXFrameworksBuildPhase section */
		B09F9D971EF11B1200B26DDC /* Frameworks */ = {
			isa = PBXFrameworksBuildPhase;
			buildActionMask = 2147483647;
			files = (
			);
			runOnlyForDeploymentPostprocessing = 0;
		};
/* End PBXFrameworksBuildPhase section */

/* Begin PBXGroup section */
		B09F9D911EF11B1200B26DDC = {
			isa = PBXGroup;
			children = (
				B09F9D9C1EF11B1200B26DDC /* testCollectionView */,
				B09F9D9B1EF11B1200B26DDC /* Products */,
			);
			sourceTree = "<group>";
		};
		B09F9D9B1EF11B1200B26DDC /* Products */ = {
			isa = PBXGroup;
			children = (
				B09F9D9A1EF11B1200B26DDC /* testCollectionView.app */,
			);
			name = Products;
			sourceTree = "<group>";
		};
		B09F9D9C1EF11B1200B26DDC /* testCollectionView */ = {
			isa = PBXGroup;
			children = (
				B09F9D9D1EF11B1200B26DDC /* AppDelegate.swift */,
				B09F9D9F1EF11B1200B26DDC /* ViewController.swift */,
				B09F9DA11EF11B1200B26DDC /* Main.storyboard */,
				B09F9DA71EF11B1200B26DDC /* Assets.xcassets */,
				B09F9DA91EF11B1200B26DDC /* LaunchScreen.storyboard */,
				B09F9DAC1EF11B1200B26DDC /* Info.plist */,
				B09F9DA41EF11B1200B26DDC /* testCollectionView.xcdatamodeld */,
			);
			path = testCollectionView;
			sourceTree = "<group>";
		};
/* End PBXGroup section */

/* Begin PBXNativeTarget section */
		B09F9D991EF11B1200B26DDC /* testCollectionView */ = {
			isa = PBXNativeTarget;
			buildConfigurationList = B09F9DAF1EF11B1200B26DDC /* Build configuration list for PBXNativeTarget "testCollectionView" */;
			buildPhases = (
				B09F9D961EF11B1200B26DDC /* Sources */,
				B09F9D971EF11B1200B26DDC /* Frameworks */,
				B09F9D981EF11B1200B26DDC /* Resources */,
			);
			buildRules = (
			);
			dependencies = (
			);
			name = testCollectionView;
			productName = testCollectionView;
			productReference = B09F9D9A1EF11B1200B26DDC /* testCollectionView.app */;
			productType = "com.apple.product-type.application";
		};
/* End PBXNativeTarget section */

/* Begin PBXProject section */
		B09F9D921EF11B1200B26DDC /* Project object */ = {
			isa = PBXProject;
			attributes = {
				LastSwiftUpdateCheck = 0830;
				LastUpgradeCheck = 0830;
				ORGANIZATIONNAME = Takuya;
				TargetAttributes = {
					B09F9D991EF11B1200B26DDC = {
						CreatedOnToolsVersion = 8.3.3;
						DevelopmentTeam = 3URH8WP2DC;
						ProvisioningStyle = Automatic;
					};
				};
			};
			buildConfigurationList = B09F9D951EF11B1200B26DDC /* Build configuration list for PBXProject "testCollectionView" */;
			compatibilityVersion = "Xcode 3.2";
			developmentRegion = English;
			hasScannedForEncodings = 0;
			knownRegions = (
				en,
				Base,
			);
			mainGroup = B09F9D911EF11B1200B26DDC;
			productRefGroup = B09F9D9B1EF11B1200B26DDC /* Products */;
			projectDirPath = "";
			projectRoot = "";
			targets = (
				B09F9D991EF11B1200B26DDC /* testCollectionView */,
			);
		};
/* End PBXProject section */

/* Begin PBXResourcesBuildPhase section */
		B09F9D981EF11B1200B26DDC /* Resources */ = {
			isa = PBXResourcesBuildPhase;
			buildActionMask = 2147483647;
			files = (
				B09F9DAB1EF11B1200B26DDC /* LaunchScreen.storyboard in Resources */,
				B09F9DA81EF11B1200B26DDC /* Assets.xcassets in Resources */,
				B09F9DA31EF11B1200B26DDC /* Main.storyboard in Resources */,
			);
			runOnlyForDeploymentPostprocessing = 0;
		};
/* End PBXResourcesBuildPhase section */

/* Begin PBXSourcesBuildPhase section */
		B09F9D961EF11B1200B26DDC /* Sources */ = {
			isa = PBXSourcesBuildPhase;
			buildActionMask = 2147483647;
			files = (
				B09F9DA01EF11B1200B26DDC /* ViewController.swift in Sources */,
				B09F9DA61EF11B1200B26DDC /* testCollectionView.xcdatamodeld in Sources */,
				B09F9D9E1EF11B1200B26DDC /* AppDelegate.swift in Sources */,
			);
			runOnlyForDeploymentPostprocessing = 0;
		};
/* End PBXSourcesBuildPhase section */

/* Begin PBXVariantGroup section */
		B09F9DA11EF11B1200B26DDC /* Main.storyboard */ = {
			isa = PBXVariantGroup;
			children = (
				B09F9DA21EF11B1200B26DDC /* Base */,
			);
			name = Main.storyboard;
			sourceTree = "<group>";
		};
		B09F9DA91EF11B1200B26DDC /* LaunchScreen.storyboard */ = {
			isa = PBXVariantGroup;
			children = (
				B09F9DAA1EF11B1200B26DDC /* Base */,
			);
			name = LaunchScreen.storyboard;
			sourceTree = "<group>";
		};
/* End PBXVariantGroup section */

/* Begin XCBuildConfiguration section */
		B09F9DAD1EF11B1200B26DDC /* Debug */ = {
			isa = XCBuildConfiguration;
			buildSettings = {
				ALWAYS_SEARCH_USER_PATHS = NO;
				CLANG_ANALYZER_NONNULL = YES;
				CLANG_ANALYZER_NUMBER_OBJECT_CONVERSION = YES_AGGRESSIVE;
				CLANG_CXX_LANGUAGE_STANDARD = "gnu++0x";
				CLANG_CXX_LIBRARY = "libc++";
				CLANG_ENABLE_MODULES = YES;
				CLANG_ENABLE_OBJC_ARC = YES;
				CLANG_WARN_BOOL_CONVERSION = YES;
				CLANG_WARN_CONSTANT_CONVERSION = YES;
				CLANG_WARN_DIRECT_OBJC_ISA_USAGE = YES_ERROR;
				CLANG_WARN_DOCUMENTATION_COMMENTS = YES;
				CLANG_WARN_EMPTY_BODY = YES;
				CLANG_WARN_ENUM_CONVERSION = YES;
				CLANG_WARN_INFINITE_RECURSION = YES;
				CLANG_WARN_INT_CONVERSION = YES;
				CLANG_WARN_OBJC_ROOT_CLASS = YES_ERROR;
				CLANG_WARN_SUSPICIOUS_MOVE = YES;
				CLANG_WARN_UNREACHABLE_CODE = YES;
				CLANG_WARN__DUPLICATE_METHOD_MATCH = YES;
				"CODE_SIGN_IDENTITY[sdk=iphoneos*]" = "iPhone Developer";
				COPY_PHASE_STRIP = NO;
				DEBUG_INFORMATION_FORMAT = dwarf;
				ENABLE_STRICT_OBJC_MSGSEND = YES;
				ENABLE_TESTABILITY = YES;
				GCC_C_LANGUAGE_STANDARD = gnu99;
				GCC_DYNAMIC_NO_PIC = NO;
				GCC_NO_COMMON_BLOCKS = YES;
				GCC_OPTIMIZATION_LEVEL = 0;
				GCC_PREPROCESSOR_DEFINITIONS = (
					"DEBUG=1",
					"$(inherited)",
				);
				GCC_WARN_64_TO_32_BIT_CONVERSION = YES;
				GCC_WARN_ABOUT_RETURN_TYPE = YES_ERROR;
				GCC_WARN_UNDECLARED_SELECTOR = YES;
				GCC_WARN_UNINITIALIZED_AUTOS = YES_AGGRESSIVE;
				GCC_WARN_UNUSED_FUNCTION = YES;
				GCC_WARN_UNUSED_VARIABLE = YES;
				IPHONEOS_DEPLOYMENT_TARGET = 10.3;
				MTL_ENABLE_DEBUG_INFO = YES;
				ONLY_ACTIVE_ARCH = YES;
				SDKROOT = iphoneos;
				SWIFT_ACTIVE_COMPILATION_CONDITIONS = DEBUG;
				SWIFT_OPTIMIZATION_LEVEL = "-Onone";
			};
			name = Debug;
		};
		B09F9DAE1EF11B1200B26DDC /* Release */ = {
			isa = XCBuildConfiguration;
			buildSettings = {
				ALWAYS_SEARCH_USER_PATHS = NO;
				CLANG_ANALYZER_NONNULL = YES;
				CLANG_ANALYZER_NUMBER_OBJECT_CONVERSION = YES_AGGRESSIVE;
				CLANG_CXX_LANGUAGE_STANDARD = "gnu++0x";
				CLANG_CXX_LIBRARY = "libc++";
				CLANG_ENABLE_MODULES = YES;
				CLANG_ENABLE_OBJC_ARC = YES;
				CLANG_WARN_BOOL_CONVERSION = YES;
				CLANG_WARN_CONSTANT_CONVERSION = YES;
				CLANG_WARN_DIRECT_OBJC_ISA_USAGE = YES_ERROR;
				CLANG_WARN_DOCUMENTATION_COMMENTS = YES;
				CLANG_WARN_EMPTY_BODY = YES;
				CLANG_WARN_ENUM_CONVERSION = YES;
				CLANG_WARN_INFINITE_RECURSION = YES;
				CLANG_WARN_INT_CONVERSION = YES;
				CLANG_WARN_OBJC_ROOT_CLASS = YES_ERROR;
				CLANG_WARN_SUSPICIOUS_MOVE = YES;
				CLANG_WARN_UNREACHABLE_CODE = YES;
				CLANG_WARN__DUPLICATE_METHOD_MATCH = YES;
				"CODE_SIGN_IDENTITY[sdk=iphoneos*]" = "iPhone Developer";
				COPY_PHASE_STRIP = NO;
				DEBUG_INFORMATION_FORMAT = "dwarf-with-dsym";
				ENABLE_NS_ASSERTIONS = NO;
				ENABLE_STRICT_OBJC_MSGSEND = YES;
				GCC_C_LANGUAGE_STANDARD = gnu99;
				GCC_NO_COMMON_BLOCKS = YES;
				GCC_WARN_64_TO_32_BIT_CONVERSION = YES;
				GCC_WARN_ABOUT_RETURN_TYPE = YES_ERROR;
				GCC_WARN_UNDECLARED_SELECTOR = YES;
				GCC_WARN_UNINITIALIZED_AUTOS = YES_AGGRESSIVE;
				GCC_WARN_UNUSED_FUNCTION = YES;
				GCC_WARN_UNUSED_VARIABLE = YES;
				IPHONEOS_DEPLOYMENT_TARGET = 10.3;
				MTL_ENABLE_DEBUG_INFO = NO;
				SDKROOT = iphoneos;
				SWIFT_OPTIMIZATION_LEVEL = "-Owholemodule";
				VALIDATE_PRODUCT = YES;
			};
			name = Release;
		};
		B09F9DB01EF11B1200B26DDC /* Debug */ = {
			isa = XCBuildConfiguration;
			buildSettings = {
				ASSETCATALOG_COMPILER_APPICON_NAME = AppIcon;
				DEVELOPMENT_TEAM = 3URH8WP2DC;
				INFOPLIST_FILE = testCollectionView/Info.plist;
				LD_RUNPATH_SEARCH_PATHS = "$(inherited) @executable_path/Frameworks";
				PRODUCT_BUNDLE_IDENTIFIER = com.takuya.testCollectionView;
				PRODUCT_NAME = "$(TARGET_NAME)";
				SWIFT_VERSION = 3.0;
			};
			name = Debug;
		};
		B09F9DB11EF11B1200B26DDC /* Release */ = {
			isa = XCBuildConfiguration;
			buildSettings = {
				ASSETCATALOG_COMPILER_APPICON_NAME = AppIcon;
				DEVELOPMENT_TEAM = 3URH8WP2DC;
				INFOPLIST_FILE = testCollectionView/Info.plist;
				LD_RUNPATH_SEARCH_PATHS = "$(inherited) @executable_path/Frameworks";
				PRODUCT_BUNDLE_IDENTIFIER = com.takuya.testCollectionView;
				PRODUCT_NAME = "$(TARGET_NAME)";
				SWIFT_VERSION = 3.0;
			};
			name = Release;
		};
/* End XCBuildConfiguration section */

/* Begin XCConfigurationList section */
		B09F9D951EF11B1200B26DDC /* Build configuration list for PBXProject "testCollectionView" */ = {
			isa = XCConfigurationList;
			buildConfigurations = (
				B09F9DAD1EF11B1200B26DDC /* Debug */,
				B09F9DAE1EF11B1200B26DDC /* Release */,
			);
			defaultConfigurationIsVisible = 0;
			defaultConfigurationName = Release;
		};
		B09F9DAF1EF11B1200B26DDC /* Build configuration list for PBXNativeTarget "testCollectionView" */ = {
			isa = XCConfigurationList;
			buildConfigurations = (
				B09F9DB01EF11B1200B26DDC /* Debug */,
				B09F9DB11EF11B1200B26DDC /* Release */,
			);
			defaultConfigurationIsVisible = 0;
		};
/* End XCConfigurationList section */

/* Begin XCVersionGroup section */
		B09F9DA41EF11B1200B26DDC /* testCollectionView.xcdatamodeld */ = {
			isa = XCVersionGroup;
			children = (
				B09F9DA51EF11B1200B26DDC /* testCollectionView.xcdatamodel */,
			);
			currentVersion = B09F9DA51EF11B1200B26DDC /* testCollectionView.xcdatamodel */;
			path = testCollectionView.xcdatamodeld;
			sourceTree = "<group>";
			versionGroupType = wrapper.xcdatamodel;
		};
/* End XCVersionGroup section */
	};
	rootObject = B09F9D921EF11B1200B26DDC /* Project object */;
}
